{
  "name": "json-ref-lite",
  "version": "1.0.73",
  "lockfileVersion": 2,
  "requires": true,
  "packages": {
    "": {
      "name": "json-ref-lite",
      "version": "1.0.73",
      "license": "ISC",
      "dependencies": {
        "property-expr": "^2.0.6"
      },
      "devDependencies": {}
    },
    "node_modules/property-expr": {
      "version": "2.0.6",
      "resolved": "https://registry.npmjs.org/property-expr/-/property-expr-2.0.6.tgz",
      "integrity": "sha512-SVtmxhRE/CGkn3eZY1T6pC8Nln6Fr/lu1mKSgRud0eC73whjGfoAogbn78LkD8aFL0zz3bAFerKSnOl7NlErBA=="
    }
  },
  "dependencies": {
    "property-expr": {
      "version": "2.0.6",
      "resolved": "https://registry.npmjs.org/property-expr/-/property-expr-2.0.6.tgz",
      "integrity": "sha512-SVtmxhRE/CGkn3eZY1T6pC8Nln6Fr/lu1mKSgRud0eC73whjGfoAogbn78LkD8aFL0zz3bAFerKSnOl7NlErBA=="
    }
  }
}
